
Microsoft Visual Studio Solution File, Format Version 12.00
Project("{FAE04EC0-301F-11D3-BF4B-00C04F79EFBC}") = "Backend", "Backend\Backend.csproj", "{F411C0DE-DD26-4229-A44D-A3FF0F9765B0}"
EndProject
Global
	GlobalSection(SolutionConfigurationPlatforms) = preSolution
		Debug|Any CPU = Debug|Any CPU
		Release|Any CPU = Release|Any CPU
	EndGlobalSection
	GlobalSection(ProjectConfigurationPlatforms) = postSolution
		{F411C0DE-DD26-4229-A44D-A3FF0F9765B0}.Debug|Any CPU.ActiveCfg = Debug|Any CPU
		{F411C0DE-DD26-4229-A44D-A3FF0F9765B0}.Debug|Any CPU.Build.0 = Debug|Any CPU
		{F411C0DE-DD26-4229-A44D-A3FF0F9765B0}.Release|Any CPU.ActiveCfg = Release|Any CPU
		{F411C0DE-DD26-4229-A44D-A3FF0F9765B0}.Release|Any CPU.Build.0 = Release|Any CPU
	EndGlobalSection
EndGlobal
